
Microsoft Visual Studio Solution File, Format Version 12.00
# Visual Studio Version 16
VisualStudioVersion = 16.0.31624.102
MinimumVisualStudioVersion = 10.0.40219.1
Project("{9A19103F-16F7-4668-BE54-9A1E7A4F7556}") = "DesignPatterns", "DesignPatterns\DesignPatterns.csproj", "{DE764692-73B2-4DC3-A703-7831296E48F3}"
EndProject
Project("{9A19103F-16F7-4668-BE54-9A1E7A4F7556}") = "Decorator", "Decorator\Decorator.csproj", "{544BC753-0EB7-43ED-8B8F-54721D2E360C}"
EndProject
Project("{9A19103F-16F7-4668-BE54-9A1E7A4F7556}") = "Decorator-Filtro", "Decorator-Filtro\Decorator-Filtro.csproj", "{9F15BE70-D5DF-4B6F-A35B-29F5631927DE}"
EndProject
Project("{9A19103F-16F7-4668-BE54-9A1E7A4F7556}") = "State", "State\State.csproj", "{D351D0BB-0F0B-4556-9598-E615018E859C}"
EndProject
Project("{9A19103F-16F7-4668-BE54-9A1E7A4F7556}") = "State-ContaBancaria", "State-ContaBancaria\State-ContaBancaria.csproj", "{0D36E262-D589-4B01-8D18-8CB9F43E4972}"
EndProject
Project("{9A19103F-16F7-4668-BE54-9A1E7A4F7556}") = "Builder", "Builder\Builder.csproj", "{21B5EBF3-98FD-44FE-91B9-138C11D8F5A5}"
EndProject
Project("{9A19103F-16F7-4668-BE54-9A1E7A4F7556}") = "Observer", "Observer\Observer.csproj", "{995584E0-BA05-4E57-B1F8-8639B3461957}"
EndProject
Project("{9A19103F-16F7-4668-BE54-9A1E7A4F7556}") = "Factory", "Factory\Factory.csproj", "{8B7A0BE5-D9B9-4930-B936-C7FEEFB92FB2}"
EndProject
Project("{9A19103F-16F7-4668-BE54-9A1E7A4F7556}") = "Flyweight", "Flyweight\Flyweight.csproj", "{45B3A78B-E0F9-4DDD-859A-221273AAF007}"
EndProject
Project("{9A19103F-16F7-4668-BE54-9A1E7A4F7556}") = "Memento", "Memento\Memento.csproj", "{B7802CE1-AA6E-4B62-936B-B56DCE5D48F7}"
EndProject
Project("{9A19103F-16F7-4668-BE54-9A1E7A4F7556}") = "Interpreter", "Interpreter\Interpreter.csproj", "{A9116FC1-A7EA-4E04-9AF4-BFF512603FED}"
EndProject
Project("{9A19103F-16F7-4668-BE54-9A1E7A4F7556}") = "Visitor", "Visitor\Visitor.csproj", "{53A7F8D2-10E8-4743-9C5D-49F9CDDE29B6}"
EndProject
Project("{9A19103F-16F7-4668-BE54-9A1E7A4F7556}") = "Bridge", "Bridge\Bridge.csproj", "{793B9297-B6D0-438C-A229-54B461D4DF31}"
EndProject
Project("{9A19103F-16F7-4668-BE54-9A1E7A4F7556}") = "Command", "Command\Command.csproj", "{EB6BE09D-5D5C-4C82-AC2E-7265BED043BB}"
EndProject
Project("{9A19103F-16F7-4668-BE54-9A1E7A4F7556}") = "Adapter", "Adapter\Adapter.csproj", "{EA5E0D85-7705-40A4-9BE4-CD34AA608805}"
EndProject
Project("{9A19103F-16F7-4668-BE54-9A1E7A4F7556}") = "Strategy", "Strategy\Strategy.csproj", "{A86BD32A-A3DE-4430-83C9-2AF88311B502}"
EndProject
Project("{9A19103F-16F7-4668-BE54-9A1E7A4F7556}") = "Observer2", "Observer2\Observer2.csproj", "{334E1BF6-EA7B-45CA-AEB8-57EB41BAD864}"
EndProject
Project("{FAE04EC0-301F-11D3-BF4B-00C04F79EFBC}") = "Decorate-StarBuzz", "Decorate-StarBuzz\Decorate-StarBuzz.csproj", "{DDD9A5BB-4FA3-4893-B4F8-6D2BE0B5896D}"
EndProject
Global
	GlobalSection(SolutionConfigurationPlatforms) = preSolution
		Debug|Any CPU = Debug|Any CPU
		Release|Any CPU = Release|Any CPU
	EndGlobalSection
	GlobalSection(ProjectConfigurationPlatforms) = postSolution
		{DE764692-73B2-4DC3-A703-7831296E48F3}.Debug|Any CPU.ActiveCfg = Debug|Any CPU
		{DE764692-73B2-4DC3-A703-7831296E48F3}.Debug|Any CPU.Build.0 = Debug|Any CPU
		{DE764692-73B2-4DC3-A703-7831296E48F3}.Release|Any CPU.ActiveCfg = Release|Any CPU
		{DE764692-73B2-4DC3-A703-7831296E48F3}.Release|Any CPU.Build.0 = Release|Any CPU
		{544BC753-0EB7-43ED-8B8F-54721D2E360C}.Debug|Any CPU.ActiveCfg = Debug|Any CPU
		{544BC753-0EB7-43ED-8B8F-54721D2E360C}.Debug|Any CPU.Build.0 = Debug|Any CPU
		{544BC753-0EB7-43ED-8B8F-54721D2E360C}.Release|Any CPU.ActiveCfg = Release|Any CPU
		{544BC753-0EB7-43ED-8B8F-54721D2E360C}.Release|Any CPU.Build.0 = Release|Any CPU
		{9F15BE70-D5DF-4B6F-A35B-29F5631927DE}.Debug|Any CPU.ActiveCfg = Debug|Any CPU
		{9F15BE70-D5DF-4B6F-A35B-29F5631927DE}.Debug|Any CPU.Build.0 = Debug|Any CPU
		{9F15BE70-D5DF-4B6F-A35B-29F5631927DE}.Release|Any CPU.ActiveCfg = Release|Any CPU
		{9F15BE70-D5DF-4B6F-A35B-29F5631927DE}.Release|Any CPU.Build.0 = Release|Any CPU
		{D351D0BB-0F0B-4556-9598-E615018E859C}.Debug|Any CPU.ActiveCfg = Debug|Any CPU
		{D351D0BB-0F0B-4556-9598-E615018E859C}.Debug|Any CPU.Build.0 = Debug|Any CPU
		{D351D0BB-0F0B-4556-9598-E615018E859C}.Release|Any CPU.ActiveCfg = Release|Any CPU
		{D351D0BB-0F0B-4556-9598-E615018E859C}.Release|Any CPU.Build.0 = Release|Any CPU
		{0D36E262-D589-4B01-8D18-8CB9F43E4972}.Debug|Any CPU.ActiveCfg = Debug|Any CPU
		{0D36E262-D589-4B01-8D18-8CB9F43E4972}.Debug|Any CPU.Build.0 = Debug|Any CPU
		{0D36E262-D589-4B01-8D18-8CB9F43E4972}.Release|Any CPU.ActiveCfg = Release|Any CPU
		{0D36E262-D589-4B01-8D18-8CB9F43E4972}.Release|Any CPU.Build.0 = Release|Any CPU
		{21B5EBF3-98FD-44FE-91B9-138C11D8F5A5}.Debug|Any CPU.ActiveCfg = Debug|Any CPU
		{21B5EBF3-98FD-44FE-91B9-138C11D8F5A5}.Debug|Any CPU.Build.0 = Debug|Any CPU
		{21B5EBF3-98FD-44FE-91B9-138C11D8F5A5}.Release|Any CPU.ActiveCfg = Release|Any CPU
		{21B5EBF3-98FD-44FE-91B9-138C11D8F5A5}.Release|Any CPU.Build.0 = Release|Any CPU
		{995584E0-BA05-4E57-B1F8-8639B3461957}.Debug|Any CPU.ActiveCfg = Debug|Any CPU
		{995584E0-BA05-4E57-B1F8-8639B3461957}.Debug|Any CPU.Build.0 = Debug|Any CPU
		{995584E0-BA05-4E57-B1F8-8639B3461957}.Release|Any CPU.ActiveCfg = Release|Any CPU
		{995584E0-BA05-4E57-B1F8-8639B3461957}.Release|Any CPU.Build.0 = Release|Any CPU
		{8B7A0BE5-D9B9-4930-B936-C7FEEFB92FB2}.Debug|Any CPU.ActiveCfg = Debug|Any CPU
		{8B7A0BE5-D9B9-4930-B936-C7FEEFB92FB2}.Debug|Any CPU.Build.0 = Debug|Any CPU
		{8B7A0BE5-D9B9-4930-B936-C7FEEFB92FB2}.Release|Any CPU.ActiveCfg = Release|Any CPU
		{8B7A0BE5-D9B9-4930-B936-C7FEEFB92FB2}.Release|Any CPU.Build.0 = Release|Any CPU
		{45B3A78B-E0F9-4DDD-859A-221273AAF007}.Debug|Any CPU.ActiveCfg = Debug|Any CPU
		{45B3A78B-E0F9-4DDD-859A-221273AAF007}.Debug|Any CPU.Build.0 = Debug|Any CPU
		{45B3A78B-E0F9-4DDD-859A-221273AAF007}.Release|Any CPU.ActiveCfg = Release|Any CPU
		{45B3A78B-E0F9-4DDD-859A-221273AAF007}.Release|Any CPU.Build.0 = Release|Any CPU
		{B7802CE1-AA6E-4B62-936B-B56DCE5D48F7}.Debug|Any CPU.ActiveCfg = Debug|Any CPU
		{B7802CE1-AA6E-4B62-936B-B56DCE5D48F7}.Debug|Any CPU.Build.0 = Debug|Any CPU
		{B7802CE1-AA6E-4B62-936B-B56DCE5D48F7}.Release|Any CPU.ActiveCfg = Release|Any CPU
		{B7802CE1-AA6E-4B62-936B-B56DCE5D48F7}.Release|Any CPU.Build.0 = Release|Any CPU
		{A9116FC1-A7EA-4E04-9AF4-BFF512603FED}.Debug|Any CPU.ActiveCfg = Debug|Any CPU
		{A9116FC1-A7EA-4E04-9AF4-BFF512603FED}.Debug|Any CPU.Build.0 = Debug|Any CPU
		{A9116FC1-A7EA-4E04-9AF4-BFF512603FED}.Release|Any CPU.ActiveCfg = Release|Any CPU
		{A9116FC1-A7EA-4E04-9AF4-BFF512603FED}.Release|Any CPU.Build.0 = Release|Any CPU
		{53A7F8D2-10E8-4743-9C5D-49F9CDDE29B6}.Debug|Any CPU.ActiveCfg = Debug|Any CPU
		{53A7F8D2-10E8-4743-9C5D-49F9CDDE29B6}.Debug|Any CPU.Build.0 = Debug|Any CPU
		{53A7F8D2-10E8-4743-9C5D-49F9CDDE29B6}.Release|Any CPU.ActiveCfg = Release|Any CPU
		{53A7F8D2-10E8-4743-9C5D-49F9CDDE29B6}.Release|Any CPU.Build.0 = Release|Any CPU
		{793B9297-B6D0-438C-A229-54B461D4DF31}.Debug|Any CPU.ActiveCfg = Debug|Any CPU
		{793B9297-B6D0-438C-A229-54B461D4DF31}.Debug|Any CPU.Build.0 = Debug|Any CPU
		{793B9297-B6D0-438C-A229-54B461D4DF31}.Release|Any CPU.ActiveCfg = Release|Any CPU
		{793B9297-B6D0-438C-A229-54B461D4DF31}.Release|Any CPU.Build.0 = Release|Any CPU
		{EB6BE09D-5D5C-4C82-AC2E-7265BED043BB}.Debug|Any CPU.ActiveCfg = Debug|Any CPU
		{EB6BE09D-5D5C-4C82-AC2E-7265BED043BB}.Debug|Any CPU.Build.0 = Debug|Any CPU
		{EB6BE09D-5D5C-4C82-AC2E-7265BED043BB}.Release|Any CPU.ActiveCfg = Release|Any CPU
		{EB6BE09D-5D5C-4C82-AC2E-7265BED043BB}.Release|Any CPU.Build.0 = Release|Any CPU
		{EA5E0D85-7705-40A4-9BE4-CD34AA608805}.Debug|Any CPU.ActiveCfg = Debug|Any CPU
		{EA5E0D85-7705-40A4-9BE4-CD34AA608805}.Debug|Any CPU.Build.0 = Debug|Any CPU
		{EA5E0D85-7705-40A4-9BE4-CD34AA608805}.Release|Any CPU.ActiveCfg = Release|Any CPU
		{EA5E0D85-7705-40A4-9BE4-CD34AA608805}.Release|Any CPU.Build.0 = Release|Any CPU
		{A86BD32A-A3DE-4430-83C9-2AF88311B502}.Debug|Any CPU.ActiveCfg = Debug|Any CPU
		{A86BD32A-A3DE-4430-83C9-2AF88311B502}.Debug|Any CPU.Build.0 = Debug|Any CPU
		{A86BD32A-A3DE-4430-83C9-2AF88311B502}.Release|Any CPU.ActiveCfg = Release|Any CPU
		{A86BD32A-A3DE-4430-83C9-2AF88311B502}.Release|Any CPU.Build.0 = Release|Any CPU
		{334E1BF6-EA7B-45CA-AEB8-57EB41BAD864}.Debug|Any CPU.ActiveCfg = Debug|Any CPU
		{334E1BF6-EA7B-45CA-AEB8-57EB41BAD864}.Debug|Any CPU.Build.0 = Debug|Any CPU
		{334E1BF6-EA7B-45CA-AEB8-57EB41BAD864}.Release|Any CPU.ActiveCfg = Release|Any CPU
		{334E1BF6-EA7B-45CA-AEB8-57EB41BAD864}.Release|Any CPU.Build.0 = Release|Any CPU
		{DDD9A5BB-4FA3-4893-B4F8-6D2BE0B5896D}.Debug|Any CPU.ActiveCfg = Debug|Any CPU
		{DDD9A5BB-4FA3-4893-B4F8-6D2BE0B5896D}.Debug|Any CPU.Build.0 = Debug|Any CPU
		{DDD9A5BB-4FA3-4893-B4F8-6D2BE0B5896D}.Release|Any CPU.ActiveCfg = Release|Any CPU
		{DDD9A5BB-4FA3-4893-B4F8-6D2BE0B5896D}.Release|Any CPU.Build.0 = Release|Any CPU
	EndGlobalSection
	GlobalSection(SolutionProperties) = preSolution
		HideSolutionNode = FALSE
	EndGlobalSection
	GlobalSection(ExtensibilityGlobals) = postSolution
		SolutionGuid = {BC30F431-63B1-4F6A-8048-0B27C2B55517}
	EndGlobalSection
EndGlobal
